
Microsoft Visual Studio Solution File, Format Version 12.00
# Visual Studio Version 16
VisualStudioVersion = 16.0.32002.261
MinimumVisualStudioVersion = 10.0.40219.1
Project("{FAE04EC0-301F-11D3-BF4B-00C04F79EFBC}") = "ServerCodeRest_123", "ServerCodeRest_123\ServerCodeRest_123.csproj", "{FEBEE349-8B16-485F-AF41-B671F4B994A5}"
EndProject
Global
	GlobalSection(SolutionConfigurationPlatforms) = preSolution
		Debug|Any CPU = Debug|Any CPU
		Release|Any CPU = Release|Any CPU
	EndGlobalSection
	GlobalSection(ProjectConfigurationPlatforms) = postSolution
		{FEBEE349-8B16-485F-AF41-B671F4B994A5}.Debug|Any CPU.ActiveCfg = Debug|Any CPU
		{FEBEE349-8B16-485F-AF41-B671F4B994A5}.Debug|Any CPU.Build.0 = Debug|Any CPU
		{FEBEE349-8B16-485F-AF41-B671F4B994A5}.Release|Any CPU.ActiveCfg = Release|Any CPU
		{FEBEE349-8B16-485F-AF41-B671F4B994A5}.Release|Any CPU.Build.0 = Release|Any CPU
	EndGlobalSection
	GlobalSection(SolutionProperties) = preSolution
		HideSolutionNode = FALSE
	EndGlobalSection
	GlobalSection(ExtensibilityGlobals) = postSolution
		SolutionGuid = {7F7C3CEF-F0FF-41F9-A7C9-6F11DB83B8DB}
	EndGlobalSection
EndGlobal
